
Microsoft Visual Studio Solution File, Format Version 12.00
# Visual Studio 15
VisualStudioVersion = 15.0.27004.2005
MinimumVisualStudioVersion = 10.0.40219.1
Project("{8BC9CEB8-8B4A-11D0-8D11-00A0C91BC942}") = "opengl", "opengl\opengl.vcxproj", "{9F0D4AF3-91D0-40C0-BC70-A3C4B2E40665}"
EndProject
Project("{8BC9CEB8-8B4A-11D0-8D11-00A0C91BC942}") = "03-01-01-Point", "03-01-01-Point\03-01-01-Point.vcxproj", "{5E9B53C6-2CE8-4EA5-8665-627E2936013C}"
EndProject
Project("{8BC9CEB8-8B4A-11D0-8D11-00A0C91BC942}") = "03-01-02-Line", "03-01-02-Line\03-01-02-Line.vcxproj", "{06354603-0401-4B82-859E-01A75D5E506D}"
EndProject
Project("{8BC9CEB8-8B4A-11D0-8D11-00A0C91BC942}") = "Test-Bresenham's line algorithm", "Test-Bresenham's line algorithm\Test-Bresenham's line algorithm.vcxproj", "{174357D3-B3AD-44F9-B099-4A2B07939031}"
EndProject
Project("{8BC9CEB8-8B4A-11D0-8D11-00A0C91BC942}") = "01-01-Triangles", "01-01-Triangles\01-01-Triangles.vcxproj", "{C34C0777-9AF6-4AAD-9223-34BFD79CA724}"
EndProject
Project("{8BC9CEB8-8B4A-11D0-8D11-00A0C91BC942}") = "02-02-uniform", "02-01-uniform\02-01-uniform.vcxproj", "{EC6E4D07-4F26-4A8E-B140-2A0CD019BB3E}"
EndProject
Project("{8BC9CEB8-8B4A-11D0-8D11-00A0C91BC942}") = "02-03-uniform变量", "02-02-uniform变量\02-02-uniform变量.vcxproj", "{C2EBD7C8-5611-4A5F-947E-EE66080ED0CB}"
EndProject
Project("{8BC9CEB8-8B4A-11D0-8D11-00A0C91BC942}") = "02-04-01-uniform块", "02-04-uniform块\02-04-uniform块.vcxproj", "{AD15070E-6EB5-4858-AFDF-EB704FFD4D9A}"
EndProject
Project("{8BC9CEB8-8B4A-11D0-8D11-00A0C91BC942}") = "02-04-04-buffer块", "02-04-04-buffer块\02-04-04-buffer块.vcxproj", "{C6F42773-A9F0-48B9-BEAF-6222BB2852A9}"
EndProject
Project("{8BC9CEB8-8B4A-11D0-8D11-00A0C91BC942}") = "02-04-02-uniform块", "02-04-02-uniform块\02-04-02-uniform块.vcxproj", "{FB5F24DD-5A65-486E-8AA7-F16632FD9C14}"
EndProject
Project("{8BC9CEB8-8B4A-11D0-8D11-00A0C91BC942}") = "02-04-05-in-out块", "02-04-05-in-out块\02-04-05-in-out块.vcxproj", "{3F9019E5-6A5F-4496-AE07-B0C348E6EE53}"
EndProject
Project("{8BC9CEB8-8B4A-11D0-8D11-00A0C91BC942}") = "03-01-03-glPolygonMode", "03-01-03-glPolygonMode\03-01-03-glPolygonMode.vcxproj", "{9CF88BAD-8E24-405A-9EB5-FD6547A643D7}"
EndProject
Project("{8BC9CEB8-8B4A-11D0-8D11-00A0C91BC942}") = "03-01-03-glFrontFace-glCullFace", "03-01-03-glFrontFace-glCullFace\03-01-03-glFrontFace-glCullFace.vcxproj", "{06683DF9-1501-4F0E-8AA9-E0761E9536CB}"
EndProject
Project("{8BC9CEB8-8B4A-11D0-8D11-00A0C91BC942}") = "03-02-02-glBufferSubData", "03-02-02-glBufferSubData\03-02-02-glBufferSubData.vcxproj", "{BEA880AE-0F69-4E3F-B818-C7836B161549}"
EndProject
Project("{8BC9CEB8-8B4A-11D0-8D11-00A0C91BC942}") = "03-02-03-glMapBuffer", "03-02-03-glMapBuffer\03-02-03-glMapBuffer.vcxproj", "{D99255AC-DE41-4F49-BF2A-2AC3C4957382}"
EndProject
Project("{8BC9CEB8-8B4A-11D0-8D11-00A0C91BC942}") = "03-03-01-glVertexAttribPointer-glEnableVertexAttribArray", "03-03-01-glVertexAttribPointer-glEnableVertexAttribArray\03-03-01-glVertexAttribPointer-glEnableVertexAttribArray.vcxproj", "{8CC860A5-C89A-4B4A-B6C5-2107F842B319}"
EndProject
Project("{8BC9CEB8-8B4A-11D0-8D11-00A0C91BC942}") = "03-04-01-glDrawArrays-glDrawElements", "03-04-01-glDrawArrays-glDrawElements\03-04-01-glDrawArrays-glDrawElements.vcxproj", "{792F2FDD-4654-4BA6-AD2D-AB4F72ED1E95}"
EndProject
Project("{8BC9CEB8-8B4A-11D0-8D11-00A0C91BC942}") = "03-04-01-glPrimitiveRestartIndex", "03-04-01-glPrimitiveRestartIndex\03-04-01-glPrimitiveRestartIndex.vcxproj", "{3093D365-B4FB-4B19-9B53-DE75D12C92FD}"
EndProject
Project("{8BC9CEB8-8B4A-11D0-8D11-00A0C91BC942}") = "03-05-01-glDrawArraysInstanced", "03-05-01-glDrawArraysInstanced\03-05-01-glDrawArraysInstanced.vcxproj", "{D32BBFE6-94BA-414B-A1C8-E38931C7F5E8}"
EndProject
Project("{8BC9CEB8-8B4A-11D0-8D11-00A0C91BC942}") = "03-05-02-glVertexAttribDivisor", "03-05-02-glVertexAttribDivisor\03-05-02-glVertexAttribDivisor.vcxproj", "{E189B79F-83BD-47B9-BBD3-F83604EF3A8D}"
EndProject
Project("{8BC9CEB8-8B4A-11D0-8D11-00A0C91BC942}") = "03-05-03-不使用实例化渲染", "03-05-03-不使用实例化渲染\03-05-03-不使用实例化渲染.vcxproj", "{6E38F1B5-760F-47A2-A72D-8E4E1202D3D6}"
EndProject
Project("{8BC9CEB8-8B4A-11D0-8D11-00A0C91BC942}") = "03-05-04-使用实例化渲染", "03-05-04-使用实例化渲染\03-05-04-使用实例化渲染.vcxproj", "{3E8EB35C-D076-4E10-A283-7336899E3E9E}"
EndProject
Project("{8BC9CEB8-8B4A-11D0-8D11-00A0C91BC942}") = "04-03-02-顶点颜色", "04-03-02-顶点颜色\04-03-02-顶点颜色.vcxproj", "{5A08AD8B-6F8E-44C4-8192-7B99A9396580}"
EndProject
Project("{8BC9CEB8-8B4A-11D0-8D11-00A0C91BC942}") = "04-04-01-多重采样", "04-04-多重采样\04-04-多重采样.vcxproj", "{6D0CFBF1-86BD-4EB9-BAA4-6FD8BF3F5F38}"
EndProject
Project("{8BC9CEB8-8B4A-11D0-8D11-00A0C91BC942}") = "04-05-01-剪切测试", "04-05-01-剪切测试\04-05-01-剪切测试.vcxproj", "{B58F1EDF-0FAB-4CCF-A495-B4CB2400B186}"
EndProject
Project("{8BC9CEB8-8B4A-11D0-8D11-00A0C91BC942}") = "04-05-03-模板测试", "04-05-03-模板测试\04-05-03-模板测试.vcxproj", "{FAB0388C-6C84-4C6F-A6C3-AE34632489E7}"
EndProject
Project("{8BC9CEB8-8B4A-11D0-8D11-00A0C91BC942}") = "04-05-05-深度测试", "04-05-05-深度测试\04-05-05-深度测试.vcxproj", "{37FF476A-5689-4FC3-A142-82B0C3C88627}"
EndProject
Project("{8BC9CEB8-8B4A-11D0-8D11-00A0C91BC942}") = "04-05-06-01-透明测试", "04-05-06-01-透明测试\04-05-06-01-透明测试.vcxproj", "{5E326DCB-91C0-4332-8E76-0363F19F3F86}"
EndProject
Project("{8BC9CEB8-8B4A-11D0-8D11-00A0C91BC942}") = "04-05-06-02-混合", "04-05-06-02-混合\04-05-06-02-混合.vcxproj", "{F216DB1B-BEC2-4E1B-B4A4-8B907D37D4C3}"
EndProject
Project("{8BC9CEB8-8B4A-11D0-8D11-00A0C91BC942}") = "04-05-10-抖动", "04-05-10-抖动\04-05-10-抖动.vcxproj", "{0115D074-2851-41C6-87DF-CE1A8849B3C8}"
EndProject
Project("{8BC9CEB8-8B4A-11D0-8D11-00A0C91BC942}") = "04-05-11-逻辑操作", "04-05-11\04-05-11.vcxproj", "{B6095EB4-E354-4AE8-8E92-AAF5C161861C}"
EndProject
Project("{8BC9CEB8-8B4A-11D0-8D11-00A0C91BC942}") = "04-05-12-遮挡查询", "04-05-12-遮挡查询\04-05-12-遮挡查询.vcxproj", "{C5C5A6DE-26F9-4618-B7AB-75F7288B936E}"
EndProject
Project("{8BC9CEB8-8B4A-11D0-8D11-00A0C91BC942}") = "04-05-13-条件渲染", "04-05-13-条件渲染\04-05-13-条件渲染.vcxproj", "{CB74DF30-087B-4555-932F-C24A3F7EC3AF}"
EndProject
Project("{8BC9CEB8-8B4A-11D0-8D11-00A0C91BC942}") = "04-07-01-帧缓冲对象-渲染缓存", "04-07-帧缓冲对象-渲染缓存\04-07-帧缓冲对象-渲染缓存.vcxproj", "{A21C8322-C8CE-43AB-9C4E-77E590D29393}"
EndProject
Project("{8BC9CEB8-8B4A-11D0-8D11-00A0C91BC942}") = "04-08-01-多重渲染缓存的同步写入", "04-08-01-多重渲染缓存的同步写入\04-08-01-多重渲染缓存的同步写入.vcxproj", "{B2F321E3-65C2-4E87-A9EF-69961BCE328F}"
EndProject
Project("{8BC9CEB8-8B4A-11D0-8D11-00A0C91BC942}") = "04-08-02-双源融混", "04-08-02-双源融混\04-08-02-双源融混.vcxproj", "{5FE58286-50D7-44D0-A85E-3EE10C3EFBE8}"
EndProject
Project("{8BC9CEB8-8B4A-11D0-8D11-00A0C91BC942}") = "04-09-glReadPixels", "04-09-glReadPixels\04-09-glReadPixels.vcxproj", "{E5DF7DD4-9413-43BF-A615-EDC81E1E3CC4}"
EndProject
Project("{8BC9CEB8-8B4A-11D0-8D11-00A0C91BC942}") = "04-10-glBlitFramebuffer", "04-10-glBlitFramebuffer\04-10-glBlitFramebuffer.vcxproj", "{B6D4501A-ADD6-4017-B1FF-A80B22BACCA4}"
EndProject
Project("{8BC9CEB8-8B4A-11D0-8D11-00A0C91BC942}") = "Test-Time", "Test-Time\Test-Time.vcxproj", "{8E7099EF-5CD7-4808-9744-1206E5F1CAB2}"
EndProject
Project("{8BC9CEB8-8B4A-11D0-8D11-00A0C91BC942}") = "04-07-02-glGenFramebuffers", "04-07-02-glGenFramebuffers\04-07-02-glGenFramebuffers.vcxproj", "{AE725ADF-5353-4333-B842-A86D7C836B4F}"
EndProject
Project("{8BC9CEB8-8B4A-11D0-8D11-00A0C91BC942}") = "04-07-03-后期处理-边缘检测", "04-07-03-后期处理-边缘检测\04-07-03-后期处理-边缘检测.vcxproj", "{B670E3F2-D7FB-46CB-8D16-6F8E095B9970}"
EndProject
Global
	GlobalSection(SolutionConfigurationPlatforms) = preSolution
		Debug|x64 = Debug|x64
		Debug|x86 = Debug|x86
		Release|x64 = Release|x64
		Release|x86 = Release|x86
	EndGlobalSection
	GlobalSection(ProjectConfigurationPlatforms) = postSolution
		{9F0D4AF3-91D0-40C0-BC70-A3C4B2E40665}.Debug|x64.ActiveCfg = Debug|x64
		{9F0D4AF3-91D0-40C0-BC70-A3C4B2E40665}.Debug|x64.Build.0 = Debug|x64
		{9F0D4AF3-91D0-40C0-BC70-A3C4B2E40665}.Debug|x86.ActiveCfg = Debug|Win32
		{9F0D4AF3-91D0-40C0-BC70-A3C4B2E40665}.Debug|x86.Build.0 = Debug|Win32
		{9F0D4AF3-91D0-40C0-BC70-A3C4B2E40665}.Release|x64.ActiveCfg = Release|x64
		{9F0D4AF3-91D0-40C0-BC70-A3C4B2E40665}.Release|x64.Build.0 = Release|x64
		{9F0D4AF3-91D0-40C0-BC70-A3C4B2E40665}.Release|x86.ActiveCfg = Release|Win32
		{9F0D4AF3-91D0-40C0-BC70-A3C4B2E40665}.Release|x86.Build.0 = Release|Win32
		{5E9B53C6-2CE8-4EA5-8665-627E2936013C}.Debug|x64.ActiveCfg = Debug|x64
		{5E9B53C6-2CE8-4EA5-8665-627E2936013C}.Debug|x64.Build.0 = Debug|x64
		{5E9B53C6-2CE8-4EA5-8665-627E2936013C}.Debug|x86.ActiveCfg = Debug|Win32
		{5E9B53C6-2CE8-4EA5-8665-627E2936013C}.Debug|x86.Build.0 = Debug|Win32
		{5E9B53C6-2CE8-4EA5-8665-627E2936013C}.Release|x64.ActiveCfg = Release|x64
		{5E9B53C6-2CE8-4EA5-8665-627E2936013C}.Release|x64.Build.0 = Release|x64
		{5E9B53C6-2CE8-4EA5-8665-627E2936013C}.Release|x86.ActiveCfg = Release|Win32
		{5E9B53C6-2CE8-4EA5-8665-627E2936013C}.Release|x86.Build.0 = Release|Win32
		{06354603-0401-4B82-859E-01A75D5E506D}.Debug|x64.ActiveCfg = Debug|x64
		{06354603-0401-4B82-859E-01A75D5E506D}.Debug|x64.Build.0 = Debug|x64
		{06354603-0401-4B82-859E-01A75D5E506D}.Debug|x86.ActiveCfg = Debug|Win32
		{06354603-0401-4B82-859E-01A75D5E506D}.Debug|x86.Build.0 = Debug|Win32
		{06354603-0401-4B82-859E-01A75D5E506D}.Release|x64.ActiveCfg = Release|x64
		{06354603-0401-4B82-859E-01A75D5E506D}.Release|x64.Build.0 = Release|x64
		{06354603-0401-4B82-859E-01A75D5E506D}.Release|x86.ActiveCfg = Release|Win32
		{06354603-0401-4B82-859E-01A75D5E506D}.Release|x86.Build.0 = Release|Win32
		{174357D3-B3AD-44F9-B099-4A2B07939031}.Debug|x64.ActiveCfg = Debug|x64
		{174357D3-B3AD-44F9-B099-4A2B07939031}.Debug|x64.Build.0 = Debug|x64
		{174357D3-B3AD-44F9-B099-4A2B07939031}.Debug|x86.ActiveCfg = Debug|Win32
		{174357D3-B3AD-44F9-B099-4A2B07939031}.Debug|x86.Build.0 = Debug|Win32
		{174357D3-B3AD-44F9-B099-4A2B07939031}.Release|x64.ActiveCfg = Release|x64
		{174357D3-B3AD-44F9-B099-4A2B07939031}.Release|x64.Build.0 = Release|x64
		{174357D3-B3AD-44F9-B099-4A2B07939031}.Release|x86.ActiveCfg = Release|Win32
		{174357D3-B3AD-44F9-B099-4A2B07939031}.Release|x86.Build.0 = Release|Win32
		{C34C0777-9AF6-4AAD-9223-34BFD79CA724}.Debug|x64.ActiveCfg = Debug|x64
		{C34C0777-9AF6-4AAD-9223-34BFD79CA724}.Debug|x64.Build.0 = Debug|x64
		{C34C0777-9AF6-4AAD-9223-34BFD79CA724}.Debug|x86.ActiveCfg = Debug|Win32
		{C34C0777-9AF6-4AAD-9223-34BFD79CA724}.Debug|x86.Build.0 = Debug|Win32
		{C34C0777-9AF6-4AAD-9223-34BFD79CA724}.Release|x64.ActiveCfg = Release|x64
		{C34C0777-9AF6-4AAD-9223-34BFD79CA724}.Release|x64.Build.0 = Release|x64
		{C34C0777-9AF6-4AAD-9223-34BFD79CA724}.Release|x86.ActiveCfg = Release|Win32
		{C34C0777-9AF6-4AAD-9223-34BFD79CA724}.Release|x86.Build.0 = Release|Win32
		{EC6E4D07-4F26-4A8E-B140-2A0CD019BB3E}.Debug|x64.ActiveCfg = Debug|x64
		{EC6E4D07-4F26-4A8E-B140-2A0CD019BB3E}.Debug|x64.Build.0 = Debug|x64
		{EC6E4D07-4F26-4A8E-B140-2A0CD019BB3E}.Debug|x86.ActiveCfg = Debug|Win32
		{EC6E4D07-4F26-4A8E-B140-2A0CD019BB3E}.Debug|x86.Build.0 = Debug|Win32
		{EC6E4D07-4F26-4A8E-B140-2A0CD019BB3E}.Release|x64.ActiveCfg = Release|x64
		{EC6E4D07-4F26-4A8E-B140-2A0CD019BB3E}.Release|x64.Build.0 = Release|x64
		{EC6E4D07-4F26-4A8E-B140-2A0CD019BB3E}.Release|x86.ActiveCfg = Release|Win32
		{EC6E4D07-4F26-4A8E-B140-2A0CD019BB3E}.Release|x86.Build.0 = Release|Win32
		{C2EBD7C8-5611-4A5F-947E-EE66080ED0CB}.Debug|x64.ActiveCfg = Debug|x64
		{C2EBD7C8-5611-4A5F-947E-EE66080ED0CB}.Debug|x64.Build.0 = Debug|x64
		{C2EBD7C8-5611-4A5F-947E-EE66080ED0CB}.Debug|x86.ActiveCfg = Debug|Win32
		{C2EBD7C8-5611-4A5F-947E-EE66080ED0CB}.Debug|x86.Build.0 = Debug|Win32
		{C2EBD7C8-5611-4A5F-947E-EE66080ED0CB}.Release|x64.ActiveCfg = Release|x64
		{C2EBD7C8-5611-4A5F-947E-EE66080ED0CB}.Release|x64.Build.0 = Release|x64
		{C2EBD7C8-5611-4A5F-947E-EE66080ED0CB}.Release|x86.ActiveCfg = Release|Win32
		{C2EBD7C8-5611-4A5F-947E-EE66080ED0CB}.Release|x86.Build.0 = Release|Win32
		{AD15070E-6EB5-4858-AFDF-EB704FFD4D9A}.Debug|x64.ActiveCfg = Debug|x64
		{AD15070E-6EB5-4858-AFDF-EB704FFD4D9A}.Debug|x64.Build.0 = Debug|x64
		{AD15070E-6EB5-4858-AFDF-EB704FFD4D9A}.Debug|x86.ActiveCfg = Debug|Win32
		{AD15070E-6EB5-4858-AFDF-EB704FFD4D9A}.Debug|x86.Build.0 = Debug|Win32
		{AD15070E-6EB5-4858-AFDF-EB704FFD4D9A}.Release|x64.ActiveCfg = Release|x64
		{AD15070E-6EB5-4858-AFDF-EB704FFD4D9A}.Release|x64.Build.0 = Release|x64
		{AD15070E-6EB5-4858-AFDF-EB704FFD4D9A}.Release|x86.ActiveCfg = Release|Win32
		{AD15070E-6EB5-4858-AFDF-EB704FFD4D9A}.Release|x86.Build.0 = Release|Win32
		{C6F42773-A9F0-48B9-BEAF-6222BB2852A9}.Debug|x64.ActiveCfg = Debug|x64
		{C6F42773-A9F0-48B9-BEAF-6222BB2852A9}.Debug|x64.Build.0 = Debug|x64
		{C6F42773-A9F0-48B9-BEAF-6222BB2852A9}.Debug|x86.ActiveCfg = Debug|Win32
		{C6F42773-A9F0-48B9-BEAF-6222BB2852A9}.Debug|x86.Build.0 = Debug|Win32
		{C6F42773-A9F0-48B9-BEAF-6222BB2852A9}.Release|x64.ActiveCfg = Release|x64
		{C6F42773-A9F0-48B9-BEAF-6222BB2852A9}.Release|x64.Build.0 = Release|x64
		{C6F42773-A9F0-48B9-BEAF-6222BB2852A9}.Release|x86.ActiveCfg = Release|Win32
		{C6F42773-A9F0-48B9-BEAF-6222BB2852A9}.Release|x86.Build.0 = Release|Win32
		{FB5F24DD-5A65-486E-8AA7-F16632FD9C14}.Debug|x64.ActiveCfg = Debug|x64
		{FB5F24DD-5A65-486E-8AA7-F16632FD9C14}.Debug|x64.Build.0 = Debug|x64
		{FB5F24DD-5A65-486E-8AA7-F16632FD9C14}.Debug|x86.ActiveCfg = Debug|Win32
		{FB5F24DD-5A65-486E-8AA7-F16632FD9C14}.Debug|x86.Build.0 = Debug|Win32
		{FB5F24DD-5A65-486E-8AA7-F16632FD9C14}.Release|x64.ActiveCfg = Release|x64
		{FB5F24DD-5A65-486E-8AA7-F16632FD9C14}.Release|x64.Build.0 = Release|x64
		{FB5F24DD-5A65-486E-8AA7-F16632FD9C14}.Release|x86.ActiveCfg = Release|Win32
		{FB5F24DD-5A65-486E-8AA7-F16632FD9C14}.Release|x86.Build.0 = Release|Win32
		{3F9019E5-6A5F-4496-AE07-B0C348E6EE53}.Debug|x64.ActiveCfg = Debug|x64
		{3F9019E5-6A5F-4496-AE07-B0C348E6EE53}.Debug|x64.Build.0 = Debug|x64
		{3F9019E5-6A5F-4496-AE07-B0C348E6EE53}.Debug|x86.ActiveCfg = Debug|Win32
		{3F9019E5-6A5F-4496-AE07-B0C348E6EE53}.Debug|x86.Build.0 = Debug|Win32
		{3F9019E5-6A5F-4496-AE07-B0C348E6EE53}.Release|x64.ActiveCfg = Release|x64
		{3F9019E5-6A5F-4496-AE07-B0C348E6EE53}.Release|x64.Build.0 = Release|x64
		{3F9019E5-6A5F-4496-AE07-B0C348E6EE53}.Release|x86.ActiveCfg = Release|Win32
		{3F9019E5-6A5F-4496-AE07-B0C348E6EE53}.Release|x86.Build.0 = Release|Win32
		{9CF88BAD-8E24-405A-9EB5-FD6547A643D7}.Debug|x64.ActiveCfg = Debug|x64
		{9CF88BAD-8E24-405A-9EB5-FD6547A643D7}.Debug|x64.Build.0 = Debug|x64
		{9CF88BAD-8E24-405A-9EB5-FD6547A643D7}.Debug|x86.ActiveCfg = Debug|Win32
		{9CF88BAD-8E24-405A-9EB5-FD6547A643D7}.Debug|x86.Build.0 = Debug|Win32
		{9CF88BAD-8E24-405A-9EB5-FD6547A643D7}.Release|x64.ActiveCfg = Release|x64
		{9CF88BAD-8E24-405A-9EB5-FD6547A643D7}.Release|x64.Build.0 = Release|x64
		{9CF88BAD-8E24-405A-9EB5-FD6547A643D7}.Release|x86.ActiveCfg = Release|Win32
		{9CF88BAD-8E24-405A-9EB5-FD6547A643D7}.Release|x86.Build.0 = Release|Win32
		{06683DF9-1501-4F0E-8AA9-E0761E9536CB}.Debug|x64.ActiveCfg = Debug|x64
		{06683DF9-1501-4F0E-8AA9-E0761E9536CB}.Debug|x64.Build.0 = Debug|x64
		{06683DF9-1501-4F0E-8AA9-E0761E9536CB}.Debug|x86.ActiveCfg = Debug|Win32
		{06683DF9-1501-4F0E-8AA9-E0761E9536CB}.Debug|x86.Build.0 = Debug|Win32
		{06683DF9-1501-4F0E-8AA9-E0761E9536CB}.Release|x64.ActiveCfg = Release|x64
		{06683DF9-1501-4F0E-8AA9-E0761E9536CB}.Release|x64.Build.0 = Release|x64
		{06683DF9-1501-4F0E-8AA9-E0761E9536CB}.Release|x86.ActiveCfg = Release|Win32
		{06683DF9-1501-4F0E-8AA9-E0761E9536CB}.Release|x86.Build.0 = Release|Win32
		{BEA880AE-0F69-4E3F-B818-C7836B161549}.Debug|x64.ActiveCfg = Debug|x64
		{BEA880AE-0F69-4E3F-B818-C7836B161549}.Debug|x64.Build.0 = Debug|x64
		{BEA880AE-0F69-4E3F-B818-C7836B161549}.Debug|x86.ActiveCfg = Debug|Win32
		{BEA880AE-0F69-4E3F-B818-C7836B161549}.Debug|x86.Build.0 = Debug|Win32
		{BEA880AE-0F69-4E3F-B818-C7836B161549}.Release|x64.ActiveCfg = Release|x64
		{BEA880AE-0F69-4E3F-B818-C7836B161549}.Release|x64.Build.0 = Release|x64
		{BEA880AE-0F69-4E3F-B818-C7836B161549}.Release|x86.ActiveCfg = Release|Win32
		{BEA880AE-0F69-4E3F-B818-C7836B161549}.Release|x86.Build.0 = Release|Win32
		{D99255AC-DE41-4F49-BF2A-2AC3C4957382}.Debug|x64.ActiveCfg = Debug|x64
		{D99255AC-DE41-4F49-BF2A-2AC3C4957382}.Debug|x64.Build.0 = Debug|x64
		{D99255AC-DE41-4F49-BF2A-2AC3C4957382}.Debug|x86.ActiveCfg = Debug|Win32
		{D99255AC-DE41-4F49-BF2A-2AC3C4957382}.Debug|x86.Build.0 = Debug|Win32
		{D99255AC-DE41-4F49-BF2A-2AC3C4957382}.Release|x64.ActiveCfg = Release|x64
		{D99255AC-DE41-4F49-BF2A-2AC3C4957382}.Release|x64.Build.0 = Release|x64
		{D99255AC-DE41-4F49-BF2A-2AC3C4957382}.Release|x86.ActiveCfg = Release|Win32
		{D99255AC-DE41-4F49-BF2A-2AC3C4957382}.Release|x86.Build.0 = Release|Win32
		{8CC860A5-C89A-4B4A-B6C5-2107F842B319}.Debug|x64.ActiveCfg = Debug|x64
		{8CC860A5-C89A-4B4A-B6C5-2107F842B319}.Debug|x64.Build.0 = Debug|x64
		{8CC860A5-C89A-4B4A-B6C5-2107F842B319}.Debug|x86.ActiveCfg = Debug|Win32
		{8CC860A5-C89A-4B4A-B6C5-2107F842B319}.Debug|x86.Build.0 = Debug|Win32
		{8CC860A5-C89A-4B4A-B6C5-2107F842B319}.Release|x64.ActiveCfg = Release|x64
		{8CC860A5-C89A-4B4A-B6C5-2107F842B319}.Release|x64.Build.0 = Release|x64
		{8CC860A5-C89A-4B4A-B6C5-2107F842B319}.Release|x86.ActiveCfg = Release|Win32
		{8CC860A5-C89A-4B4A-B6C5-2107F842B319}.Release|x86.Build.0 = Release|Win32
		{792F2FDD-4654-4BA6-AD2D-AB4F72ED1E95}.Debug|x64.ActiveCfg = Debug|x64
		{792F2FDD-4654-4BA6-AD2D-AB4F72ED1E95}.Debug|x64.Build.0 = Debug|x64
		{792F2FDD-4654-4BA6-AD2D-AB4F72ED1E95}.Debug|x86.ActiveCfg = Debug|Win32
		{792F2FDD-4654-4BA6-AD2D-AB4F72ED1E95}.Debug|x86.Build.0 = Debug|Win32
		{792F2FDD-4654-4BA6-AD2D-AB4F72ED1E95}.Release|x64.ActiveCfg = Release|x64
		{792F2FDD-4654-4BA6-AD2D-AB4F72ED1E95}.Release|x64.Build.0 = Release|x64
		{792F2FDD-4654-4BA6-AD2D-AB4F72ED1E95}.Release|x86.ActiveCfg = Release|Win32
		{792F2FDD-4654-4BA6-AD2D-AB4F72ED1E95}.Release|x86.Build.0 = Release|Win32
		{3093D365-B4FB-4B19-9B53-DE75D12C92FD}.Debug|x64.ActiveCfg = Debug|x64
		{3093D365-B4FB-4B19-9B53-DE75D12C92FD}.Debug|x64.Build.0 = Debug|x64
		{3093D365-B4FB-4B19-9B53-DE75D12C92FD}.Debug|x86.ActiveCfg = Debug|Win32
		{3093D365-B4FB-4B19-9B53-DE75D12C92FD}.Debug|x86.Build.0 = Debug|Win32
		{3093D365-B4FB-4B19-9B53-DE75D12C92FD}.Release|x64.ActiveCfg = Release|x64
		{3093D365-B4FB-4B19-9B53-DE75D12C92FD}.Release|x64.Build.0 = Release|x64
		{3093D365-B4FB-4B19-9B53-DE75D12C92FD}.Release|x86.ActiveCfg = Release|Win32
		{3093D365-B4FB-4B19-9B53-DE75D12C92FD}.Release|x86.Build.0 = Release|Win32
		{D32BBFE6-94BA-414B-A1C8-E38931C7F5E8}.Debug|x64.ActiveCfg = Debug|x64
		{D32BBFE6-94BA-414B-A1C8-E38931C7F5E8}.Debug|x64.Build.0 = Debug|x64
		{D32BBFE6-94BA-414B-A1C8-E38931C7F5E8}.Debug|x86.ActiveCfg = Debug|Win32
		{D32BBFE6-94BA-414B-A1C8-E38931C7F5E8}.Debug|x86.Build.0 = Debug|Win32
		{D32BBFE6-94BA-414B-A1C8-E38931C7F5E8}.Release|x64.ActiveCfg = Release|x64
		{D32BBFE6-94BA-414B-A1C8-E38931C7F5E8}.Release|x64.Build.0 = Release|x64
		{D32BBFE6-94BA-414B-A1C8-E38931C7F5E8}.Release|x86.ActiveCfg = Release|Win32
		{D32BBFE6-94BA-414B-A1C8-E38931C7F5E8}.Release|x86.Build.0 = Release|Win32
		{E189B79F-83BD-47B9-BBD3-F83604EF3A8D}.Debug|x64.ActiveCfg = Debug|x64
		{E189B79F-83BD-47B9-BBD3-F83604EF3A8D}.Debug|x64.Build.0 = Debug|x64
		{E189B79F-83BD-47B9-BBD3-F83604EF3A8D}.Debug|x86.ActiveCfg = Debug|Win32
		{E189B79F-83BD-47B9-BBD3-F83604EF3A8D}.Debug|x86.Build.0 = Debug|Win32
		{E189B79F-83BD-47B9-BBD3-F83604EF3A8D}.Release|x64.ActiveCfg = Release|x64
		{E189B79F-83BD-47B9-BBD3-F83604EF3A8D}.Release|x64.Build.0 = Release|x64
		{E189B79F-83BD-47B9-BBD3-F83604EF3A8D}.Release|x86.ActiveCfg = Release|Win32
		{E189B79F-83BD-47B9-BBD3-F83604EF3A8D}.Release|x86.Build.0 = Release|Win32
		{6E38F1B5-760F-47A2-A72D-8E4E1202D3D6}.Debug|x64.ActiveCfg = Debug|x64
		{6E38F1B5-760F-47A2-A72D-8E4E1202D3D6}.Debug|x64.Build.0 = Debug|x64
		{6E38F1B5-760F-47A2-A72D-8E4E1202D3D6}.Debug|x86.ActiveCfg = Debug|Win32
		{6E38F1B5-760F-47A2-A72D-8E4E1202D3D6}.Debug|x86.Build.0 = Debug|Win32
		{6E38F1B5-760F-47A2-A72D-8E4E1202D3D6}.Release|x64.ActiveCfg = Release|x64
		{6E38F1B5-760F-47A2-A72D-8E4E1202D3D6}.Release|x64.Build.0 = Release|x64
		{6E38F1B5-760F-47A2-A72D-8E4E1202D3D6}.Release|x86.ActiveCfg = Release|Win32
		{6E38F1B5-760F-47A2-A72D-8E4E1202D3D6}.Release|x86.Build.0 = Release|Win32
		{3E8EB35C-D076-4E10-A283-7336899E3E9E}.Debug|x64.ActiveCfg = Debug|x64
		{3E8EB35C-D076-4E10-A283-7336899E3E9E}.Debug|x64.Build.0 = Debug|x64
		{3E8EB35C-D076-4E10-A283-7336899E3E9E}.Debug|x86.ActiveCfg = Debug|Win32
		{3E8EB35C-D076-4E10-A283-7336899E3E9E}.Debug|x86.Build.0 = Debug|Win32
		{3E8EB35C-D076-4E10-A283-7336899E3E9E}.Release|x64.ActiveCfg = Release|x64
		{3E8EB35C-D076-4E10-A283-7336899E3E9E}.Release|x64.Build.0 = Release|x64
		{3E8EB35C-D076-4E10-A283-7336899E3E9E}.Release|x86.ActiveCfg = Release|Win32
		{3E8EB35C-D076-4E10-A283-7336899E3E9E}.Release|x86.Build.0 = Release|Win32
		{5A08AD8B-6F8E-44C4-8192-7B99A9396580}.Debug|x64.ActiveCfg = Debug|x64
		{5A08AD8B-6F8E-44C4-8192-7B99A9396580}.Debug|x64.Build.0 = Debug|x64
		{5A08AD8B-6F8E-44C4-8192-7B99A9396580}.Debug|x86.ActiveCfg = Debug|Win32
		{5A08AD8B-6F8E-44C4-8192-7B99A9396580}.Debug|x86.Build.0 = Debug|Win32
		{5A08AD8B-6F8E-44C4-8192-7B99A9396580}.Release|x64.ActiveCfg = Release|x64
		{5A08AD8B-6F8E-44C4-8192-7B99A9396580}.Release|x64.Build.0 = Release|x64
		{5A08AD8B-6F8E-44C4-8192-7B99A9396580}.Release|x86.ActiveCfg = Release|Win32
		{5A08AD8B-6F8E-44C4-8192-7B99A9396580}.Release|x86.Build.0 = Release|Win32
		{6D0CFBF1-86BD-4EB9-BAA4-6FD8BF3F5F38}.Debug|x64.ActiveCfg = Debug|x64
		{6D0CFBF1-86BD-4EB9-BAA4-6FD8BF3F5F38}.Debug|x64.Build.0 = Debug|x64
		{6D0CFBF1-86BD-4EB9-BAA4-6FD8BF3F5F38}.Debug|x86.ActiveCfg = Debug|Win32
		{6D0CFBF1-86BD-4EB9-BAA4-6FD8BF3F5F38}.Debug|x86.Build.0 = Debug|Win32
		{6D0CFBF1-86BD-4EB9-BAA4-6FD8BF3F5F38}.Release|x64.ActiveCfg = Release|x64
		{6D0CFBF1-86BD-4EB9-BAA4-6FD8BF3F5F38}.Release|x64.Build.0 = Release|x64
		{6D0CFBF1-86BD-4EB9-BAA4-6FD8BF3F5F38}.Release|x86.ActiveCfg = Release|Win32
		{6D0CFBF1-86BD-4EB9-BAA4-6FD8BF3F5F38}.Release|x86.Build.0 = Release|Win32
		{B58F1EDF-0FAB-4CCF-A495-B4CB2400B186}.Debug|x64.ActiveCfg = Debug|x64
		{B58F1EDF-0FAB-4CCF-A495-B4CB2400B186}.Debug|x64.Build.0 = Debug|x64
		{B58F1EDF-0FAB-4CCF-A495-B4CB2400B186}.Debug|x86.ActiveCfg = Debug|Win32
		{B58F1EDF-0FAB-4CCF-A495-B4CB2400B186}.Debug|x86.Build.0 = Debug|Win32
		{B58F1EDF-0FAB-4CCF-A495-B4CB2400B186}.Release|x64.ActiveCfg = Release|x64
		{B58F1EDF-0FAB-4CCF-A495-B4CB2400B186}.Release|x64.Build.0 = Release|x64
		{B58F1EDF-0FAB-4CCF-A495-B4CB2400B186}.Release|x86.ActiveCfg = Release|Win32
		{B58F1EDF-0FAB-4CCF-A495-B4CB2400B186}.Release|x86.Build.0 = Release|Win32
		{FAB0388C-6C84-4C6F-A6C3-AE34632489E7}.Debug|x64.ActiveCfg = Debug|x64
		{FAB0388C-6C84-4C6F-A6C3-AE34632489E7}.Debug|x64.Build.0 = Debug|x64
		{FAB0388C-6C84-4C6F-A6C3-AE34632489E7}.Debug|x86.ActiveCfg = Debug|Win32
		{FAB0388C-6C84-4C6F-A6C3-AE34632489E7}.Debug|x86.Build.0 = Debug|Win32
		{FAB0388C-6C84-4C6F-A6C3-AE34632489E7}.Release|x64.ActiveCfg = Release|x64
		{FAB0388C-6C84-4C6F-A6C3-AE34632489E7}.Release|x64.Build.0 = Release|x64
		{FAB0388C-6C84-4C6F-A6C3-AE34632489E7}.Release|x86.ActiveCfg = Release|Win32
		{FAB0388C-6C84-4C6F-A6C3-AE34632489E7}.Release|x86.Build.0 = Release|Win32
		{37FF476A-5689-4FC3-A142-82B0C3C88627}.Debug|x64.ActiveCfg = Debug|x64
		{37FF476A-5689-4FC3-A142-82B0C3C88627}.Debug|x64.Build.0 = Debug|x64
		{37FF476A-5689-4FC3-A142-82B0C3C88627}.Debug|x86.ActiveCfg = Debug|Win32
		{37FF476A-5689-4FC3-A142-82B0C3C88627}.Debug|x86.Build.0 = Debug|Win32
		{37FF476A-5689-4FC3-A142-82B0C3C88627}.Release|x64.ActiveCfg = Release|x64
		{37FF476A-5689-4FC3-A142-82B0C3C88627}.Release|x64.Build.0 = Release|x64
		{37FF476A-5689-4FC3-A142-82B0C3C88627}.Release|x86.ActiveCfg = Release|Win32
		{37FF476A-5689-4FC3-A142-82B0C3C88627}.Release|x86.Build.0 = Release|Win32
		{5E326DCB-91C0-4332-8E76-0363F19F3F86}.Debug|x64.ActiveCfg = Debug|x64
		{5E326DCB-91C0-4332-8E76-0363F19F3F86}.Debug|x64.Build.0 = Debug|x64
		{5E326DCB-91C0-4332-8E76-0363F19F3F86}.Debug|x86.ActiveCfg = Debug|Win32
		{5E326DCB-91C0-4332-8E76-0363F19F3F86}.Debug|x86.Build.0 = Debug|Win32
		{5E326DCB-91C0-4332-8E76-0363F19F3F86}.Release|x64.ActiveCfg = Release|x64
		{5E326DCB-91C0-4332-8E76-0363F19F3F86}.Release|x64.Build.0 = Release|x64
		{5E326DCB-91C0-4332-8E76-0363F19F3F86}.Release|x86.ActiveCfg = Release|Win32
		{5E326DCB-91C0-4332-8E76-0363F19F3F86}.Release|x86.Build.0 = Release|Win32
		{F216DB1B-BEC2-4E1B-B4A4-8B907D37D4C3}.Debug|x64.ActiveCfg = Debug|x64
		{F216DB1B-BEC2-4E1B-B4A4-8B907D37D4C3}.Debug|x64.Build.0 = Debug|x64
		{F216DB1B-BEC2-4E1B-B4A4-8B907D37D4C3}.Debug|x86.ActiveCfg = Debug|Win32
		{F216DB1B-BEC2-4E1B-B4A4-8B907D37D4C3}.Debug|x86.Build.0 = Debug|Win32
		{F216DB1B-BEC2-4E1B-B4A4-8B907D37D4C3}.Release|x64.ActiveCfg = Release|x64
		{F216DB1B-BEC2-4E1B-B4A4-8B907D37D4C3}.Release|x64.Build.0 = Release|x64
		{F216DB1B-BEC2-4E1B-B4A4-8B907D37D4C3}.Release|x86.ActiveCfg = Release|Win32
		{F216DB1B-BEC2-4E1B-B4A4-8B907D37D4C3}.Release|x86.Build.0 = Release|Win32
		{0115D074-2851-41C6-87DF-CE1A8849B3C8}.Debug|x64.ActiveCfg = Debug|x64
		{0115D074-2851-41C6-87DF-CE1A8849B3C8}.Debug|x64.Build.0 = Debug|x64
		{0115D074-2851-41C6-87DF-CE1A8849B3C8}.Debug|x86.ActiveCfg = Debug|Win32
		{0115D074-2851-41C6-87DF-CE1A8849B3C8}.Debug|x86.Build.0 = Debug|Win32
		{0115D074-2851-41C6-87DF-CE1A8849B3C8}.Release|x64.ActiveCfg = Release|x64
		{0115D074-2851-41C6-87DF-CE1A8849B3C8}.Release|x64.Build.0 = Release|x64
		{0115D074-2851-41C6-87DF-CE1A8849B3C8}.Release|x86.ActiveCfg = Release|Win32
		{0115D074-2851-41C6-87DF-CE1A8849B3C8}.Release|x86.Build.0 = Release|Win32
		{B6095EB4-E354-4AE8-8E92-AAF5C161861C}.Debug|x64.ActiveCfg = Debug|x64
		{B6095EB4-E354-4AE8-8E92-AAF5C161861C}.Debug|x64.Build.0 = Debug|x64
		{B6095EB4-E354-4AE8-8E92-AAF5C161861C}.Debug|x86.ActiveCfg = Debug|Win32
		{B6095EB4-E354-4AE8-8E92-AAF5C161861C}.Debug|x86.Build.0 = Debug|Win32
		{B6095EB4-E354-4AE8-8E92-AAF5C161861C}.Release|x64.ActiveCfg = Release|x64
		{B6095EB4-E354-4AE8-8E92-AAF5C161861C}.Release|x64.Build.0 = Release|x64
		{B6095EB4-E354-4AE8-8E92-AAF5C161861C}.Release|x86.ActiveCfg = Release|Win32
		{B6095EB4-E354-4AE8-8E92-AAF5C161861C}.Release|x86.Build.0 = Release|Win32
		{C5C5A6DE-26F9-4618-B7AB-75F7288B936E}.Debug|x64.ActiveCfg = Debug|x64
		{C5C5A6DE-26F9-4618-B7AB-75F7288B936E}.Debug|x64.Build.0 = Debug|x64
		{C5C5A6DE-26F9-4618-B7AB-75F7288B936E}.Debug|x86.ActiveCfg = Debug|Win32
		{C5C5A6DE-26F9-4618-B7AB-75F7288B936E}.Debug|x86.Build.0 = Debug|Win32
		{C5C5A6DE-26F9-4618-B7AB-75F7288B936E}.Release|x64.ActiveCfg = Release|x64
		{C5C5A6DE-26F9-4618-B7AB-75F7288B936E}.Release|x64.Build.0 = Release|x64
		{C5C5A6DE-26F9-4618-B7AB-75F7288B936E}.Release|x86.ActiveCfg = Release|Win32
		{C5C5A6DE-26F9-4618-B7AB-75F7288B936E}.Release|x86.Build.0 = Release|Win32
		{CB74DF30-087B-4555-932F-C24A3F7EC3AF}.Debug|x64.ActiveCfg = Debug|x64
		{CB74DF30-087B-4555-932F-C24A3F7EC3AF}.Debug|x64.Build.0 = Debug|x64
		{CB74DF30-087B-4555-932F-C24A3F7EC3AF}.Debug|x86.ActiveCfg = Debug|Win32
		{CB74DF30-087B-4555-932F-C24A3F7EC3AF}.Debug|x86.Build.0 = Debug|Win32
		{CB74DF30-087B-4555-932F-C24A3F7EC3AF}.Release|x64.ActiveCfg = Release|x64
		{CB74DF30-087B-4555-932F-C24A3F7EC3AF}.Release|x64.Build.0 = Release|x64
		{CB74DF30-087B-4555-932F-C24A3F7EC3AF}.Release|x86.ActiveCfg = Release|Win32
		{CB74DF30-087B-4555-932F-C24A3F7EC3AF}.Release|x86.Build.0 = Release|Win32
		{A21C8322-C8CE-43AB-9C4E-77E590D29393}.Debug|x64.ActiveCfg = Debug|x64
		{A21C8322-C8CE-43AB-9C4E-77E590D29393}.Debug|x64.Build.0 = Debug|x64
		{A21C8322-C8CE-43AB-9C4E-77E590D29393}.Debug|x86.ActiveCfg = Debug|Win32
		{A21C8322-C8CE-43AB-9C4E-77E590D29393}.Debug|x86.Build.0 = Debug|Win32
		{A21C8322-C8CE-43AB-9C4E-77E590D29393}.Release|x64.ActiveCfg = Release|x64
		{A21C8322-C8CE-43AB-9C4E-77E590D29393}.Release|x64.Build.0 = Release|x64
		{A21C8322-C8CE-43AB-9C4E-77E590D29393}.Release|x86.ActiveCfg = Release|Win32
		{A21C8322-C8CE-43AB-9C4E-77E590D29393}.Release|x86.Build.0 = Release|Win32
		{B2F321E3-65C2-4E87-A9EF-69961BCE328F}.Debug|x64.ActiveCfg = Debug|x64
		{B2F321E3-65C2-4E87-A9EF-69961BCE328F}.Debug|x64.Build.0 = Debug|x64
		{B2F321E3-65C2-4E87-A9EF-69961BCE328F}.Debug|x86.ActiveCfg = Debug|Win32
		{B2F321E3-65C2-4E87-A9EF-69961BCE328F}.Debug|x86.Build.0 = Debug|Win32
		{B2F321E3-65C2-4E87-A9EF-69961BCE328F}.Release|x64.ActiveCfg = Release|x64
		{B2F321E3-65C2-4E87-A9EF-69961BCE328F}.Release|x64.Build.0 = Release|x64
		{B2F321E3-65C2-4E87-A9EF-69961BCE328F}.Release|x86.ActiveCfg = Release|Win32
		{B2F321E3-65C2-4E87-A9EF-69961BCE328F}.Release|x86.Build.0 = Release|Win32
		{5FE58286-50D7-44D0-A85E-3EE10C3EFBE8}.Debug|x64.ActiveCfg = Debug|x64
		{5FE58286-50D7-44D0-A85E-3EE10C3EFBE8}.Debug|x64.Build.0 = Debug|x64
		{5FE58286-50D7-44D0-A85E-3EE10C3EFBE8}.Debug|x86.ActiveCfg = Debug|Win32
		{5FE58286-50D7-44D0-A85E-3EE10C3EFBE8}.Debug|x86.Build.0 = Debug|Win32
		{5FE58286-50D7-44D0-A85E-3EE10C3EFBE8}.Release|x64.ActiveCfg = Release|x64
		{5FE58286-50D7-44D0-A85E-3EE10C3EFBE8}.Release|x64.Build.0 = Release|x64
		{5FE58286-50D7-44D0-A85E-3EE10C3EFBE8}.Release|x86.ActiveCfg = Release|Win32
		{5FE58286-50D7-44D0-A85E-3EE10C3EFBE8}.Release|x86.Build.0 = Release|Win32
		{E5DF7DD4-9413-43BF-A615-EDC81E1E3CC4}.Debug|x64.ActiveCfg = Debug|x64
		{E5DF7DD4-9413-43BF-A615-EDC81E1E3CC4}.Debug|x64.Build.0 = Debug|x64
		{E5DF7DD4-9413-43BF-A615-EDC81E1E3CC4}.Debug|x86.ActiveCfg = Debug|Win32
		{E5DF7DD4-9413-43BF-A615-EDC81E1E3CC4}.Debug|x86.Build.0 = Debug|Win32
		{E5DF7DD4-9413-43BF-A615-EDC81E1E3CC4}.Release|x64.ActiveCfg = Release|x64
		{E5DF7DD4-9413-43BF-A615-EDC81E1E3CC4}.Release|x64.Build.0 = Release|x64
		{E5DF7DD4-9413-43BF-A615-EDC81E1E3CC4}.Release|x86.ActiveCfg = Release|Win32
		{E5DF7DD4-9413-43BF-A615-EDC81E1E3CC4}.Release|x86.Build.0 = Release|Win32
		{B6D4501A-ADD6-4017-B1FF-A80B22BACCA4}.Debug|x64.ActiveCfg = Debug|x64
		{B6D4501A-ADD6-4017-B1FF-A80B22BACCA4}.Debug|x64.Build.0 = Debug|x64
		{B6D4501A-ADD6-4017-B1FF-A80B22BACCA4}.Debug|x86.ActiveCfg = Debug|Win32
		{B6D4501A-ADD6-4017-B1FF-A80B22BACCA4}.Debug|x86.Build.0 = Debug|Win32
		{B6D4501A-ADD6-4017-B1FF-A80B22BACCA4}.Release|x64.ActiveCfg = Release|x64
		{B6D4501A-ADD6-4017-B1FF-A80B22BACCA4}.Release|x64.Build.0 = Release|x64
		{B6D4501A-ADD6-4017-B1FF-A80B22BACCA4}.Release|x86.ActiveCfg = Release|Win32
		{B6D4501A-ADD6-4017-B1FF-A80B22BACCA4}.Release|x86.Build.0 = Release|Win32
		{8E7099EF-5CD7-4808-9744-1206E5F1CAB2}.Debug|x64.ActiveCfg = Debug|x64
		{8E7099EF-5CD7-4808-9744-1206E5F1CAB2}.Debug|x64.Build.0 = Debug|x64
		{8E7099EF-5CD7-4808-9744-1206E5F1CAB2}.Debug|x86.ActiveCfg = Debug|Win32
		{8E7099EF-5CD7-4808-9744-1206E5F1CAB2}.Debug|x86.Build.0 = Debug|Win32
		{8E7099EF-5CD7-4808-9744-1206E5F1CAB2}.Release|x64.ActiveCfg = Release|x64
		{8E7099EF-5CD7-4808-9744-1206E5F1CAB2}.Release|x64.Build.0 = Release|x64
		{8E7099EF-5CD7-4808-9744-1206E5F1CAB2}.Release|x86.ActiveCfg = Release|Win32
		{8E7099EF-5CD7-4808-9744-1206E5F1CAB2}.Release|x86.Build.0 = Release|Win32
		{AE725ADF-5353-4333-B842-A86D7C836B4F}.Debug|x64.ActiveCfg = Debug|x64
		{AE725ADF-5353-4333-B842-A86D7C836B4F}.Debug|x64.Build.0 = Debug|x64
		{AE725ADF-5353-4333-B842-A86D7C836B4F}.Debug|x86.ActiveCfg = Debug|Win32
		{AE725ADF-5353-4333-B842-A86D7C836B4F}.Debug|x86.Build.0 = Debug|Win32
		{AE725ADF-5353-4333-B842-A86D7C836B4F}.Release|x64.ActiveCfg = Release|x64
		{AE725ADF-5353-4333-B842-A86D7C836B4F}.Release|x64.Build.0 = Release|x64
		{AE725ADF-5353-4333-B842-A86D7C836B4F}.Release|x86.ActiveCfg = Release|Win32
		{AE725ADF-5353-4333-B842-A86D7C836B4F}.Release|x86.Build.0 = Release|Win32
		{B670E3F2-D7FB-46CB-8D16-6F8E095B9970}.Debug|x64.ActiveCfg = Debug|x64
		{B670E3F2-D7FB-46CB-8D16-6F8E095B9970}.Debug|x64.Build.0 = Debug|x64
		{B670E3F2-D7FB-46CB-8D16-6F8E095B9970}.Debug|x86.ActiveCfg = Debug|Win32
		{B670E3F2-D7FB-46CB-8D16-6F8E095B9970}.Debug|x86.Build.0 = Debug|Win32
		{B670E3F2-D7FB-46CB-8D16-6F8E095B9970}.Release|x64.ActiveCfg = Release|x64
		{B670E3F2-D7FB-46CB-8D16-6F8E095B9970}.Release|x64.Build.0 = Release|x64
		{B670E3F2-D7FB-46CB-8D16-6F8E095B9970}.Release|x86.ActiveCfg = Release|Win32
		{B670E3F2-D7FB-46CB-8D16-6F8E095B9970}.Release|x86.Build.0 = Release|Win32
	EndGlobalSection
	GlobalSection(SolutionProperties) = preSolution
		HideSolutionNode = FALSE
	EndGlobalSection
	GlobalSection(ExtensibilityGlobals) = postSolution
		SolutionGuid = {E6E9086D-1E38-4924-BFC5-1DB6A6F04584}
	EndGlobalSection
EndGlobal
